
Microsoft Visual Studio Solution File, Format Version 12.00
# Visual Studio Version 17
VisualStudioVersion = 17.14.36414.22 d17.14
MinimumVisualStudioVersion = 10.0.40219.1
Project("{FAE04EC0-301F-11D3-BF4B-00C04F79EFBC}") = "GerenciadorTarefas.API", "GerenciadorTarefas.API\GerenciadorTarefas.API.csproj", "{63F715B8-6F07-4094-AB2D-D7CE5C04D864}"
EndProject
Project("{2150E333-8FDC-42A3-9474-1A3956D46DE8}") = "Itens de Solução", "Itens de Solução", "{380A7511-A354-6D7A-0CC0-8FA1F1BA7B6C}"
	ProjectSection(SolutionItems) = preProject
		README.md = README.md
	EndProjectSection
EndProject
Project("{FAE04EC0-301F-11D3-BF4B-00C04F79EFBC}") = "GerenciadorTarefas.Testes", "GerenciadorTarefas.Testes\GerenciadorTarefas.Testes.csproj", "{5232A371-1245-432A-A9C0-F7A367348626}"
EndProject
Global
	GlobalSection(SolutionConfigurationPlatforms) = preSolution
		Debug|Any CPU = Debug|Any CPU
		Release|Any CPU = Release|Any CPU
	EndGlobalSection
	GlobalSection(ProjectConfigurationPlatforms) = postSolution
		{63F715B8-6F07-4094-AB2D-D7CE5C04D864}.Debug|Any CPU.ActiveCfg = Debug|Any CPU
		{63F715B8-6F07-4094-AB2D-D7CE5C04D864}.Debug|Any CPU.Build.0 = Debug|Any CPU
		{63F715B8-6F07-4094-AB2D-D7CE5C04D864}.Release|Any CPU.ActiveCfg = Release|Any CPU
		{63F715B8-6F07-4094-AB2D-D7CE5C04D864}.Release|Any CPU.Build.0 = Release|Any CPU
		{5232A371-1245-432A-A9C0-F7A367348626}.Debug|Any CPU.ActiveCfg = Debug|Any CPU
		{5232A371-1245-432A-A9C0-F7A367348626}.Debug|Any CPU.Build.0 = Debug|Any CPU
		{5232A371-1245-432A-A9C0-F7A367348626}.Release|Any CPU.ActiveCfg = Release|Any CPU
		{5232A371-1245-432A-A9C0-F7A367348626}.Release|Any CPU.Build.0 = Release|Any CPU
	EndGlobalSection
	GlobalSection(SolutionProperties) = preSolution
		HideSolutionNode = FALSE
	EndGlobalSection
	GlobalSection(ExtensibilityGlobals) = postSolution
		SolutionGuid = {DE9CB53B-60F8-4A85-8D4C-B6DC3EF829D4}
	EndGlobalSection
EndGlobal
